{
  "name": "DBZ-Battle-Simulator",
  "lockfileVersion": 3,
  "requires": true,
  "packages": {
    "": {
      "dependencies": {
        "framer-motion": "^12.23.9",
        "keen-slider": "^6.8.6",
        "tailwind-scrollbar-hide": "^4.0.0"
      }
    },
    "node_modules/framer-motion": {
      "version": "12.23.9",
      "resolved": "https://registry.npmjs.org/framer-motion/-/framer-motion-12.23.9.tgz",
      "integrity": "sha512-TqEHXj8LWfQSKqfdr5Y4mYltYLw96deu6/K9kGDd+ysqRJPNwF9nb5mZcrLmybHbU7gcJ+HQar41U3UTGanbbQ==",
      "license": "MIT",
      "dependencies": {
        "motion-dom": "^12.23.9",
        "motion-utils": "^12.23.6",
        "tslib": "^2.4.0"
      },
      "peerDependencies": {
        "@emotion/is-prop-valid": "*",
        "react": "^18.0.0 || ^19.0.0",
        "react-dom": "^18.0.0 || ^19.0.0"
      },
      "peerDependenciesMeta": {
        "@emotion/is-prop-valid": {
          "optional": true
        },
        "react": {
          "optional": true
        },
        "react-dom": {
          "optional": true
        }
      }
    },
    "node_modules/keen-slider": {
      "version": "6.8.6",
      "resolved": "https://registry.npmjs.org/keen-slider/-/keen-slider-6.8.6.tgz",
      "integrity": "sha512-dcEQ7GDBpCjUQA8XZeWh3oBBLLmyn8aoeIQFGL/NTVkoEOsmlnXqA4QykUm/SncolAZYGsEk/PfUhLZ7mwMM2w==",
      "license": "MIT"
    },
    "node_modules/motion-dom": {
      "version": "12.23.9",
      "resolved": "https://registry.npmjs.org/motion-dom/-/motion-dom-12.23.9.tgz",
      "integrity": "sha512-6Sv++iWS8XMFCgU1qwKj9l4xuC47Hp4+2jvPfyTXkqDg2tTzSgX6nWKD4kNFXk0k7llO59LZTPuJigza4A2K1A==",
      "license": "MIT",
      "dependencies": {
        "motion-utils": "^12.23.6"
      }
    },
    "node_modules/motion-utils": {
      "version": "12.23.6",
      "resolved": "https://registry.npmjs.org/motion-utils/-/motion-utils-12.23.6.tgz",
      "integrity": "sha512-eAWoPgr4eFEOFfg2WjIsMoqJTW6Z8MTUCgn/GZ3VRpClWBdnbjryiA3ZSNLyxCTmCQx4RmYX6jX1iWHbenUPNQ==",
      "license": "MIT"
    },
    "node_modules/tailwind-scrollbar-hide": {
      "version": "4.0.0",
      "resolved": "https://registry.npmjs.org/tailwind-scrollbar-hide/-/tailwind-scrollbar-hide-4.0.0.tgz",
      "integrity": "sha512-gobtvVcThB2Dxhy0EeYSS1RKQJ5baDFkamkhwBvzvevwX6L4XQfpZ3me9s25Ss1ecFVT5jPYJ50n+7xTBJG9WQ==",
      "license": "MIT",
      "peerDependencies": {
        "tailwindcss": ">=3.0.0 || >= 4.0.0 || >= 4.0.0-beta.8 || >= 4.0.0-alpha.20"
      }
    },
    "node_modules/tailwindcss": {
      "version": "4.1.11",
      "resolved": "https://registry.npmjs.org/tailwindcss/-/tailwindcss-4.1.11.tgz",
      "integrity": "sha512-2E9TBm6MDD/xKYe+dvJZAmg3yxIEDNRc0jwlNyDg/4Fil2QcSLjFKGVff0lAf1jjeaArlG/M75Ey/EYr/OJtBA==",
      "license": "MIT",
      "peer": true
    },
    "node_modules/tslib": {
      "version": "2.8.1",
      "resolved": "https://registry.npmjs.org/tslib/-/tslib-2.8.1.tgz",
      "integrity": "sha512-oJFu94HQb+KVduSUQL7wnpmqnfmLsOA/nAh6b6EH0wCEoK0/mPeXU6c3wKDV83MkOuHPRHtSXKKU99IBazS/2w==",
      "license": "0BSD"
    }
  }
}
